// !$*UTF8*$!
{
	archiveVersion = 1;
	classes = {
	};
	objectVersion = 46;
	objects = {

/* Begin PBXBuildFile section */
		47E6577F1C0E15EC00CE6CC0 /* main.cpp in Sources */ = {isa = PBXBuildFile; fileRef = 47E6577A1C0E15EC00CE6CC0 /* main.cpp */; };
		47E657801C0E15EC00CE6CC0 /* tab_gen.cpp in Sources */ = {isa = PBXBuildFile; fileRef = 47E6577B1C0E15EC00CE6CC0 /* tab_gen.cpp */; };
		47E657811C0E15EC00CE6CC0 /* tools.cpp in Sources */ = {isa = PBXBuildFile; fileRef = 47E6577D1C0E15EC00CE6CC0 /* tools.cpp */; };
		47E657831C0E161400CE6CC0 /* cpp_template.cpp in Sources */ = {isa = PBXBuildFile; fileRef = 47E657821C0E161400CE6CC0 /* cpp_template.cpp */; };
/* End PBXBuildFile section */

/* Begin PBXCopyFilesBuildPhase section */
		47E6576E1C0E15CD00CE6CC0 /* CopyFiles */ = {
			isa = PBXCopyFilesBuildPhase;
			buildActionMask = 2147483647;
			dstPath = /usr/share/man/man1/;
			dstSubfolderSpec = 0;
			files = (
			);
			runOnlyForDeploymentPostprocessing = 1;
		};
/* End PBXCopyFilesBuildPhase section */

/* Begin PBXFileReference section */
		47E657701C0E15CD00CE6CC0 /* Tab Generation */ = {isa = PBXFileReference; explicitFileType = "compiled.mach-o.executable"; includeInIndex = 0; path = "Tab Generation"; sourceTree = BUILT_PRODUCTS_DIR; };
		47E6577A1C0E15EC00CE6CC0 /* main.cpp */ = {isa = PBXFileReference; fileEncoding = 4; lastKnownFileType = sourcecode.cpp.cpp; path = main.cpp; sourceTree = "<group>"; };
		47E6577B1C0E15EC00CE6CC0 /* tab_gen.cpp */ = {isa = PBXFileReference; fileEncoding = 4; lastKnownFileType = sourcecode.cpp.cpp; path = tab_gen.cpp; sourceTree = "<group>"; };
		47E6577C1C0E15EC00CE6CC0 /* tab_gen.hpp */ = {isa = PBXFileReference; fileEncoding = 4; lastKnownFileType = sourcecode.cpp.h; path = tab_gen.hpp; sourceTree = "<group>"; };
		47E6577D1C0E15EC00CE6CC0 /* tools.cpp */ = {isa = PBXFileReference; fileEncoding = 4; lastKnownFileType = sourcecode.cpp.cpp; path = tools.cpp; sourceTree = "<group>"; };
		47E6577E1C0E15EC00CE6CC0 /* tools.hpp */ = {isa = PBXFileReference; fileEncoding = 4; lastKnownFileType = sourcecode.cpp.h; path = tools.hpp; sourceTree = "<group>"; };
		47E657821C0E161400CE6CC0 /* cpp_template.cpp */ = {isa = PBXFileReference; fileEncoding = 4; lastKnownFileType = sourcecode.cpp.cpp; path = cpp_template.cpp; sourceTree = "<group>"; };
		47E657841C0E162400CE6CC0 /* cpp_template.h */ = {isa = PBXFileReference; lastKnownFileType = sourcecode.c.h; path = cpp_template.h; sourceTree = "<group>"; };
/* End PBXFileReference section */

/* Begin PBXFrameworksBuildPhase section */
		47E6576D1C0E15CD00CE6CC0 /* Frameworks */ = {
			isa = PBXFrameworksBuildPhase;
			buildActionMask = 2147483647;
			files = (
			);
			runOnlyForDeploymentPostprocessing = 0;
		};
/* End PBXFrameworksBuildPhase section */

/* Begin PBXGroup section */
		47E657671C0E15CD00CE6CC0 = {
			isa = PBXGroup;
			children = (
				47E657721C0E15CD00CE6CC0 /* Tab Generation */,
				47E657711C0E15CD00CE6CC0 /* Products */,
			);
			sourceTree = "<group>";
		};
		47E657711C0E15CD00CE6CC0 /* Products */ = {
			isa = PBXGroup;
			children = (
				47E657701C0E15CD00CE6CC0 /* Tab Generation */,
			);
			name = Products;
			sourceTree = "<group>";
		};
		47E657721C0E15CD00CE6CC0 /* Tab Generation */ = {
			isa = PBXGroup;
			children = (
				47E6577A1C0E15EC00CE6CC0 /* main.cpp */,
				47E6577B1C0E15EC00CE6CC0 /* tab_gen.cpp */,
				47E6577C1C0E15EC00CE6CC0 /* tab_gen.hpp */,
				47E657821C0E161400CE6CC0 /* cpp_template.cpp */,
				47E657841C0E162400CE6CC0 /* cpp_template.h */,
				47E6577D1C0E15EC00CE6CC0 /* tools.cpp */,
				47E6577E1C0E15EC00CE6CC0 /* tools.hpp */,
			);
			path = "Tab Generation";
			sourceTree = "<group>";
		};
/* End PBXGroup section */

/* Begin PBXNativeTarget section */
		47E6576F1C0E15CD00CE6CC0 /* Tab Generation */ = {
			isa = PBXNativeTarget;
			buildConfigurationList = 47E657771C0E15CD00CE6CC0 /* Build configuration list for PBXNativeTarget "Tab Generation" */;
			buildPhases = (
				47E6576C1C0E15CD00CE6CC0 /* Sources */,
				47E6576D1C0E15CD00CE6CC0 /* Frameworks */,
				47E6576E1C0E15CD00CE6CC0 /* CopyFiles */,
			);
			buildRules = (
			);
			dependencies = (
			);
			name = "Tab Generation";
			productName = "Tab Generation";
			productReference = 47E657701C0E15CD00CE6CC0 /* Tab Generation */;
			productType = "com.apple.product-type.tool";
		};
/* End PBXNativeTarget section */

/* Begin PBXProject section */
		47E657681C0E15CD00CE6CC0 /* Project object */ = {
			isa = PBXProject;
			attributes = {
				LastUpgradeCheck = 0710;
				ORGANIZATIONNAME = "Nicholas Nelson";
				TargetAttributes = {
					47E6576F1C0E15CD00CE6CC0 = {
						CreatedOnToolsVersion = 7.1.1;
					};
				};
			};
			buildConfigurationList = 47E6576B1C0E15CD00CE6CC0 /* Build configuration list for PBXProject "Tab Generation" */;
			compatibilityVersion = "Xcode 3.2";
			developmentRegion = English;
			hasScannedForEncodings = 0;
			knownRegions = (
				en,
			);
			mainGroup = 47E657671C0E15CD00CE6CC0;
			productRefGroup = 47E657711C0E15CD00CE6CC0 /* Products */;
			projectDirPath = "";
			projectRoot = "";
			targets = (
				47E6576F1C0E15CD00CE6CC0 /* Tab Generation */,
			);
		};
/* End PBXProject section */

/* Begin PBXSourcesBuildPhase section */
		47E6576C1C0E15CD00CE6CC0 /* Sources */ = {
			isa = PBXSourcesBuildPhase;
			buildActionMask = 2147483647;
			files = (
				47E657801C0E15EC00CE6CC0 /* tab_gen.cpp in Sources */,
				47E6577F1C0E15EC00CE6CC0 /* main.cpp in Sources */,
				47E657811C0E15EC00CE6CC0 /* tools.cpp in Sources */,
				47E657831C0E161400CE6CC0 /* cpp_template.cpp in Sources */,
			);
			runOnlyForDeploymentPostprocessing = 0;
		};
/* End PBXSourcesBuildPhase section */

/* Begin XCBuildConfiguration section */
		47E657751C0E15CD00CE6CC0 /* Debug */ = {
			isa = XCBuildConfiguration;
			buildSettings = {
				ALWAYS_SEARCH_USER_PATHS = NO;
				CLANG_CXX_LANGUAGE_STANDARD = "gnu++0x";
				CLANG_CXX_LIBRARY = "libc++";
				CLANG_ENABLE_MODULES = YES;
				CLANG_ENABLE_OBJC_ARC = YES;
				CLANG_WARN_BOOL_CONVERSION = YES;
				CLANG_WARN_CONSTANT_CONVERSION = YES;
				CLANG_WARN_DIRECT_OBJC_ISA_USAGE = YES_ERROR;
				CLANG_WARN_EMPTY_BODY = YES;
				CLANG_WARN_ENUM_CONVERSION = YES;
				CLANG_WARN_INT_CONVERSION = YES;
				CLANG_WARN_OBJC_ROOT_CLASS = YES_ERROR;
				CLANG_WARN_UNREACHABLE_CODE = YES;
				CLANG_WARN__DUPLICATE_METHOD_MATCH = YES;
				CODE_SIGN_IDENTITY = "-";
				COPY_PHASE_STRIP = NO;
				DEBUG_INFORMATION_FORMAT = dwarf;
				ENABLE_STRICT_OBJC_MSGSEND = YES;
				ENABLE_TESTABILITY = YES;
				GCC_C_LANGUAGE_STANDARD = gnu99;
				GCC_DYNAMIC_NO_PIC = NO;
				GCC_NO_COMMON_BLOCKS = YES;
				GCC_OPTIMIZATION_LEVEL = 0;
				GCC_PREPROCESSOR_DEFINITIONS = (
					"DEBUG=1",
					"$(inherited)",
				);
				GCC_WARN_64_TO_32_BIT_CONVERSION = YES;
				GCC_WARN_ABOUT_RETURN_TYPE = YES_ERROR;
				GCC_WARN_UNDECLARED_SELECTOR = YES;
				GCC_WARN_UNINITIALIZED_AUTOS = YES_AGGRESSIVE;
				GCC_WARN_UNUSED_FUNCTION = YES;
				GCC_WARN_UNUSED_VARIABLE = YES;
				MACOSX_DEPLOYMENT_TARGET = 10.11;
				MTL_ENABLE_DEBUG_INFO = YES;
				ONLY_ACTIVE_ARCH = YES;
				SDKROOT = macosx;
			};
			name = Debug;
		};
		47E657761C0E15CD00CE6CC0 /* Release */ = {
			isa = XCBuildConfiguration;
			buildSettings = {
				ALWAYS_SEARCH_USER_PATHS = NO;
				CLANG_CXX_LANGUAGE_STANDARD = "gnu++0x";
				CLANG_CXX_LIBRARY = "libc++";
				CLANG_ENABLE_MODULES = YES;
				CLANG_ENABLE_OBJC_ARC = YES;
				CLANG_WARN_BOOL_CONVERSION = YES;
				CLANG_WARN_CONSTANT_CONVERSION = YES;
				CLANG_WARN_DIRECT_OBJC_ISA_USAGE = YES_ERROR;
				CLANG_WARN_EMPTY_BODY = YES;
				CLANG_WARN_ENUM_CONVERSION = YES;
				CLANG_WARN_INT_CONVERSION = YES;
				CLANG_WARN_OBJC_ROOT_CLASS = YES_ERROR;
				CLANG_WARN_UNREACHABLE_CODE = YES;
				CLANG_WARN__DUPLICATE_METHOD_MATCH = YES;
				CODE_SIGN_IDENTITY = "-";
				COPY_PHASE_STRIP = NO;
				DEBUG_INFORMATION_FORMAT = "dwarf-with-dsym";
				ENABLE_NS_ASSERTIONS = NO;
				ENABLE_STRICT_OBJC_MSGSEND = YES;
				GCC_C_LANGUAGE_STANDARD = gnu99;
				GCC_NO_COMMON_BLOCKS = YES;
				GCC_WARN_64_TO_32_BIT_CONVERSION = YES;
				GCC_WARN_ABOUT_RETURN_TYPE = YES_ERROR;
				GCC_WARN_UNDECLARED_SELECTOR = YES;
				GCC_WARN_UNINITIALIZED_AUTOS = YES_AGGRESSIVE;
				GCC_WARN_UNUSED_FUNCTION = YES;
				GCC_WARN_UNUSED_VARIABLE = YES;
				MACOSX_DEPLOYMENT_TARGET = 10.11;
				MTL_ENABLE_DEBUG_INFO = NO;
				SDKROOT = macosx;
			};
			name = Release;
		};
		47E657781C0E15CD00CE6CC0 /* Debug */ = {
			isa = XCBuildConfiguration;
			buildSettings = {
				PRODUCT_NAME = "$(TARGET_NAME)";
			};
			name = Debug;
		};
		47E657791C0E15CD00CE6CC0 /* Release */ = {
			isa = XCBuildConfiguration;
			buildSettings = {
				PRODUCT_NAME = "$(TARGET_NAME)";
			};
			name = Release;
		};
/* End XCBuildConfiguration section */

/* Begin XCConfigurationList section */
		47E6576B1C0E15CD00CE6CC0 /* Build configuration list for PBXProject "Tab Generation" */ = {
			isa = XCConfigurationList;
			buildConfigurations = (
				47E657751C0E15CD00CE6CC0 /* Debug */,
				47E657761C0E15CD00CE6CC0 /* Release */,
			);
			defaultConfigurationIsVisible = 0;
			defaultConfigurationName = Release;
		};
		47E657771C0E15CD00CE6CC0 /* Build configuration list for PBXNativeTarget "Tab Generation" */ = {
			isa = XCConfigurationList;
			buildConfigurations = (
				47E657781C0E15CD00CE6CC0 /* Debug */,
				47E657791C0E15CD00CE6CC0 /* Release */,
			);
			defaultConfigurationIsVisible = 0;
			defaultConfigurationName = Release;
		};
/* End XCConfigurationList section */
	};
	rootObject = 47E657681C0E15CD00CE6CC0 /* Project object */;
}
